{
  "name": "mls_token",
  "lockfileVersion": 2,
  "requires": true,
  "packages": {
    "": {
      "dependencies": {
        "erc-payable-token": "^3.3.1",
        "eth-token-recover": "^3.3.0"
      },
      "devDependencies": {
        "@openzeppelin/contracts": "^3.3.0"
      }
    },
    "node_modules/@openzeppelin/contracts": {
      "version": "3.3.0",
      "resolved": "https://registry.npmjs.org/@openzeppelin/contracts/-/contracts-3.3.0.tgz",
      "integrity": "sha512-AemZEsQYtUp1WRkcmZm1div5ORfTpLquLaziCIrSagjxyKdmObxuaY1yjQ5SHFMctR8rLwp706NXTbiIRJg7pw==",
      "dev": true
    },
    "node_modules/erc-payable-token": {
      "version": "3.3.1",
      "resolved": "https://registry.npmjs.org/erc-payable-token/-/erc-payable-token-3.3.1.tgz",
      "integrity": "sha512-xlNFxLw7LDq58xeS3xSJiZTi0r1dgsxgkqxySEEKGesQ4mWyLewhICpx0qOodJuSj/aMBOsTnZkculayIRfpFw==",
      "dependencies": {
        "@openzeppelin/contracts": "3.3.0-solc-0.7"
      }
    },
    "node_modules/erc-payable-token/node_modules/@openzeppelin/contracts": {
      "version": "3.3.0-solc-0.7",
      "resolved": "https://registry.npmjs.org/@openzeppelin/contracts/-/contracts-3.3.0-solc-0.7.tgz",
      "integrity": "sha512-ewfLD9WpXQXQHhhaXKweECNDafWRKV3wmFp8FlXpkqG5cVtAvuwLJ5n/O3ziBsUWt6W64u5Dyy8mGnrffs5Qhw=="
    },
    "node_modules/eth-token-recover": {
      "version": "3.3.0",
      "resolved": "https://registry.npmjs.org/eth-token-recover/-/eth-token-recover-3.3.0.tgz",
      "integrity": "sha512-3gJfy6Gge2jOvUKdSj0kJWhhZSC+/1nIJy2W7tEnlwJk3mZHvRJ0tszAheVj5kSncCef9/jeGDXdUBdhXIxavA==",
      "dependencies": {
        "@openzeppelin/contracts": "3.3.0-solc-0.7"
      }
    },
    "node_modules/eth-token-recover/node_modules/@openzeppelin/contracts": {
      "version": "3.3.0-solc-0.7",
      "resolved": "https://registry.npmjs.org/@openzeppelin/contracts/-/contracts-3.3.0-solc-0.7.tgz",
      "integrity": "sha512-ewfLD9WpXQXQHhhaXKweECNDafWRKV3wmFp8FlXpkqG5cVtAvuwLJ5n/O3ziBsUWt6W64u5Dyy8mGnrffs5Qhw=="
    }
  },
  "dependencies": {
    "@openzeppelin/contracts": {
      "version": "3.3.0",
      "resolved": "https://registry.npmjs.org/@openzeppelin/contracts/-/contracts-3.3.0.tgz",
      "integrity": "sha512-AemZEsQYtUp1WRkcmZm1div5ORfTpLquLaziCIrSagjxyKdmObxuaY1yjQ5SHFMctR8rLwp706NXTbiIRJg7pw==",
      "dev": true
    },
    "erc-payable-token": {
      "version": "3.3.1",
      "resolved": "https://registry.npmjs.org/erc-payable-token/-/erc-payable-token-3.3.1.tgz",
      "integrity": "sha512-xlNFxLw7LDq58xeS3xSJiZTi0r1dgsxgkqxySEEKGesQ4mWyLewhICpx0qOodJuSj/aMBOsTnZkculayIRfpFw==",
      "requires": {
        "@openzeppelin/contracts": "3.3.0-solc-0.7"
      },
      "dependencies": {
        "@openzeppelin/contracts": {
          "version": "3.3.0-solc-0.7",
          "resolved": "https://registry.npmjs.org/@openzeppelin/contracts/-/contracts-3.3.0-solc-0.7.tgz",
          "integrity": "sha512-ewfLD9WpXQXQHhhaXKweECNDafWRKV3wmFp8FlXpkqG5cVtAvuwLJ5n/O3ziBsUWt6W64u5Dyy8mGnrffs5Qhw=="
        }
      }
    },
    "eth-token-recover": {
      "version": "3.3.0",
      "resolved": "https://registry.npmjs.org/eth-token-recover/-/eth-token-recover-3.3.0.tgz",
      "integrity": "sha512-3gJfy6Gge2jOvUKdSj0kJWhhZSC+/1nIJy2W7tEnlwJk3mZHvRJ0tszAheVj5kSncCef9/jeGDXdUBdhXIxavA==",
      "requires": {
        "@openzeppelin/contracts": "3.3.0-solc-0.7"
      },
      "dependencies": {
        "@openzeppelin/contracts": {
          "version": "3.3.0-solc-0.7",
          "resolved": "https://registry.npmjs.org/@openzeppelin/contracts/-/contracts-3.3.0-solc-0.7.tgz",
          "integrity": "sha512-ewfLD9WpXQXQHhhaXKweECNDafWRKV3wmFp8FlXpkqG5cVtAvuwLJ5n/O3ziBsUWt6W64u5Dyy8mGnrffs5Qhw=="
        }
      }
    }
  }
}
